// !$*UTF8*$!
{
	archiveVersion = 1;
	classes = {
	};
	objectVersion = 55;
	objects = {

/* Begin PBXBuildFile section */
		1AFF3B9085250BE1239D0079 /* Pods_thatSpotify.framework in Frameworks */ = {isa = PBXBuildFile; fileRef = FEFC7E3695571C16EE96CE87 /* Pods_thatSpotify.framework */; };
		51081347272BD1C80062560A /* NewReleaseCollectionViewCell.swift in Sources */ = {isa = PBXBuildFile; fileRef = 51081346272BD1C80062560A /* NewReleaseCollectionViewCell.swift */; };
		51081349272BD1F00062560A /* FeaturedPlaylistCollectionViewCell.swift in Sources */ = {isa = PBXBuildFile; fileRef = 51081348272BD1F00062560A /* FeaturedPlaylistCollectionViewCell.swift */; };
		5108134B272BD2170062560A /* RecommendedTrackCollectionViewCell.swift in Sources */ = {isa = PBXBuildFile; fileRef = 5108134A272BD2170062560A /* RecommendedTrackCollectionViewCell.swift */; };
		5108134D272DA41E0062560A /* NewReleasesCellViewModel.swift in Sources */ = {isa = PBXBuildFile; fileRef = 5108134C272DA41E0062560A /* NewReleasesCellViewModel.swift */; };
		5108134F272DD9430062560A /* FeaturedPlaylistCellViewModel.swift in Sources */ = {isa = PBXBuildFile; fileRef = 5108134E272DD9430062560A /* FeaturedPlaylistCellViewModel.swift */; };
		51081351272DD97E0062560A /* RecommendedTrackCellViewModel.swift in Sources */ = {isa = PBXBuildFile; fileRef = 51081350272DD97E0062560A /* RecommendedTrackCellViewModel.swift */; };
		51081353272E9B710062560A /* AlbumViewController.swift in Sources */ = {isa = PBXBuildFile; fileRef = 51081352272E9B710062560A /* AlbumViewController.swift */; };
		51081355272EA43E0062560A /* AlbumDetailsResponse.swift in Sources */ = {isa = PBXBuildFile; fileRef = 51081354272EA43E0062560A /* AlbumDetailsResponse.swift */; };
		51081357272EB4740062560A /* PlaylistDetailsResponse.swift in Sources */ = {isa = PBXBuildFile; fileRef = 51081356272EB4740062560A /* PlaylistDetailsResponse.swift */; };
		51BF38FE271B6DC800E9E2AD /* AppDelegate.swift in Sources */ = {isa = PBXBuildFile; fileRef = 51BF38FD271B6DC800E9E2AD /* AppDelegate.swift */; };
		51BF3900271B6DC800E9E2AD /* SceneDelegate.swift in Sources */ = {isa = PBXBuildFile; fileRef = 51BF38FF271B6DC800E9E2AD /* SceneDelegate.swift */; };
		51BF3902271B6DC800E9E2AD /* HomeViewController.swift in Sources */ = {isa = PBXBuildFile; fileRef = 51BF3901271B6DC800E9E2AD /* HomeViewController.swift */; };
		51BF3907271B6DCA00E9E2AD /* Assets.xcassets in Resources */ = {isa = PBXBuildFile; fileRef = 51BF3906271B6DCA00E9E2AD /* Assets.xcassets */; };
		51BF390A271B6DCA00E9E2AD /* LaunchScreen.storyboard in Resources */ = {isa = PBXBuildFile; fileRef = 51BF3908271B6DCA00E9E2AD /* LaunchScreen.storyboard */; };
		51BF3918271B6FCA00E9E2AD /* TabBarViewController.swift in Sources */ = {isa = PBXBuildFile; fileRef = 51BF3917271B6FCA00E9E2AD /* TabBarViewController.swift */; };
		51BF391A271B6FEC00E9E2AD /* SearchViewController.swift in Sources */ = {isa = PBXBuildFile; fileRef = 51BF3919271B6FEC00E9E2AD /* SearchViewController.swift */; };
		51BF391C271B6FFA00E9E2AD /* LibraryViewController.swift in Sources */ = {isa = PBXBuildFile; fileRef = 51BF391B271B6FFA00E9E2AD /* LibraryViewController.swift */; };
		51BF3920271B701F00E9E2AD /* AuthViewController.swift in Sources */ = {isa = PBXBuildFile; fileRef = 51BF391F271B701F00E9E2AD /* AuthViewController.swift */; };
		51BF3922271B702800E9E2AD /* WelcomeViewController.swift in Sources */ = {isa = PBXBuildFile; fileRef = 51BF3921271B702800E9E2AD /* WelcomeViewController.swift */; };
		51BF3924271B703900E9E2AD /* SettingsViewController.swift in Sources */ = {isa = PBXBuildFile; fileRef = 51BF3923271B703900E9E2AD /* SettingsViewController.swift */; };
		51BF3926271B704500E9E2AD /* ProfileViewController.swift in Sources */ = {isa = PBXBuildFile; fileRef = 51BF3925271B704500E9E2AD /* ProfileViewController.swift */; };
		51BF3928271B704F00E9E2AD /* PlayerViewController.swift in Sources */ = {isa = PBXBuildFile; fileRef = 51BF3927271B704F00E9E2AD /* PlayerViewController.swift */; };
		51BF392A271B705D00E9E2AD /* PlaylistViewController.swift in Sources */ = {isa = PBXBuildFile; fileRef = 51BF3929271B705D00E9E2AD /* PlaylistViewController.swift */; };
		51BF392C271B707300E9E2AD /* SearchResultsViewController.swift in Sources */ = {isa = PBXBuildFile; fileRef = 51BF392B271B707300E9E2AD /* SearchResultsViewController.swift */; };
		51BF392E271B70A500E9E2AD /* AuthManager.swift in Sources */ = {isa = PBXBuildFile; fileRef = 51BF392D271B70A500E9E2AD /* AuthManager.swift */; };
		51BF3930271B70B100E9E2AD /* APICaller.swift in Sources */ = {isa = PBXBuildFile; fileRef = 51BF392F271B70B100E9E2AD /* APICaller.swift */; };
		51BF3932271B70BC00E9E2AD /* HapticsManager.swift in Sources */ = {isa = PBXBuildFile; fileRef = 51BF3931271B70BC00E9E2AD /* HapticsManager.swift */; };
		51BF3934271B70EE00E9E2AD /* Playlist.swift in Sources */ = {isa = PBXBuildFile; fileRef = 51BF3933271B70EE00E9E2AD /* Playlist.swift */; };
		51BF3936271B70F900E9E2AD /* AudioTrack.swift in Sources */ = {isa = PBXBuildFile; fileRef = 51BF3935271B70F900E9E2AD /* AudioTrack.swift */; };
		51BF3938271B710200E9E2AD /* Artist.swift in Sources */ = {isa = PBXBuildFile; fileRef = 51BF3937271B710200E9E2AD /* Artist.swift */; };
		51BF393A271B710D00E9E2AD /* UserProfile.swift in Sources */ = {isa = PBXBuildFile; fileRef = 51BF3939271B710D00E9E2AD /* UserProfile.swift */; };
		51BF393C271CB3D100E9E2AD /* Extensions.swift in Sources */ = {isa = PBXBuildFile; fileRef = 51BF393B271CB3D100E9E2AD /* Extensions.swift */; };
		51BF393E271E0EFE00E9E2AD /* AuthResponse.swift in Sources */ = {isa = PBXBuildFile; fileRef = 51BF393D271E0EFE00E9E2AD /* AuthResponse.swift */; };
		51D2E912272208B80002197E /* SettingsModels.swift in Sources */ = {isa = PBXBuildFile; fileRef = 51D2E911272208B80002197E /* SettingsModels.swift */; };
		51D2E91427240D330002197E /* NewReleasesResponse.swift in Sources */ = {isa = PBXBuildFile; fileRef = 51D2E91327240D330002197E /* NewReleasesResponse.swift */; };
		51D2E91627240E180002197E /* APIImage.swift in Sources */ = {isa = PBXBuildFile; fileRef = 51D2E91527240E180002197E /* APIImage.swift */; };
		51D2E918272410EA0002197E /* FeaturedPlaylistsResponse.swift in Sources */ = {isa = PBXBuildFile; fileRef = 51D2E917272410EA0002197E /* FeaturedPlaylistsResponse.swift */; };
		51D2E91A272414F70002197E /* RecommendedGenresResponse.swift in Sources */ = {isa = PBXBuildFile; fileRef = 51D2E919272414F70002197E /* RecommendedGenresResponse.swift */; };
		51D2E91C2724A3200002197E /* RecommendationsResponse.swift in Sources */ = {isa = PBXBuildFile; fileRef = 51D2E91B2724A3200002197E /* RecommendationsResponse.swift */; };
/* End PBXBuildFile section */

/* Begin PBXFileReference section */
		354639DCDEFD833ED95F716E /* Pods-thatSpotify.debug.xcconfig */ = {isa = PBXFileReference; includeInIndex = 1; lastKnownFileType = text.xcconfig; name = "Pods-thatSpotify.debug.xcconfig"; path = "Target Support Files/Pods-thatSpotify/Pods-thatSpotify.debug.xcconfig"; sourceTree = "<group>"; };
		51081346272BD1C80062560A /* NewReleaseCollectionViewCell.swift */ = {isa = PBXFileReference; lastKnownFileType = sourcecode.swift; path = NewReleaseCollectionViewCell.swift; sourceTree = "<group>"; };
		51081348272BD1F00062560A /* FeaturedPlaylistCollectionViewCell.swift */ = {isa = PBXFileReference; lastKnownFileType = sourcecode.swift; path = FeaturedPlaylistCollectionViewCell.swift; sourceTree = "<group>"; };
		5108134A272BD2170062560A /* RecommendedTrackCollectionViewCell.swift */ = {isa = PBXFileReference; lastKnownFileType = sourcecode.swift; path = RecommendedTrackCollectionViewCell.swift; sourceTree = "<group>"; };
		5108134C272DA41E0062560A /* NewReleasesCellViewModel.swift */ = {isa = PBXFileReference; lastKnownFileType = sourcecode.swift; path = NewReleasesCellViewModel.swift; sourceTree = "<group>"; };
		5108134E272DD9430062560A /* FeaturedPlaylistCellViewModel.swift */ = {isa = PBXFileReference; lastKnownFileType = sourcecode.swift; path = FeaturedPlaylistCellViewModel.swift; sourceTree = "<group>"; };
		51081350272DD97E0062560A /* RecommendedTrackCellViewModel.swift */ = {isa = PBXFileReference; lastKnownFileType = sourcecode.swift; path = RecommendedTrackCellViewModel.swift; sourceTree = "<group>"; };
		51081352272E9B710062560A /* AlbumViewController.swift */ = {isa = PBXFileReference; lastKnownFileType = sourcecode.swift; path = AlbumViewController.swift; sourceTree = "<group>"; };
		51081354272EA43E0062560A /* AlbumDetailsResponse.swift */ = {isa = PBXFileReference; lastKnownFileType = sourcecode.swift; path = AlbumDetailsResponse.swift; sourceTree = "<group>"; };
		51081356272EB4740062560A /* PlaylistDetailsResponse.swift */ = {isa = PBXFileReference; lastKnownFileType = sourcecode.swift; path = PlaylistDetailsResponse.swift; sourceTree = "<group>"; };
		51BF38FA271B6DC800E9E2AD /* thatSpotify.app */ = {isa = PBXFileReference; explicitFileType = wrapper.application; includeInIndex = 0; path = thatSpotify.app; sourceTree = BUILT_PRODUCTS_DIR; };
		51BF38FD271B6DC800E9E2AD /* AppDelegate.swift */ = {isa = PBXFileReference; lastKnownFileType = sourcecode.swift; path = AppDelegate.swift; sourceTree = "<group>"; };
		51BF38FF271B6DC800E9E2AD /* SceneDelegate.swift */ = {isa = PBXFileReference; lastKnownFileType = sourcecode.swift; path = SceneDelegate.swift; sourceTree = "<group>"; };
		51BF3901271B6DC800E9E2AD /* HomeViewController.swift */ = {isa = PBXFileReference; lastKnownFileType = sourcecode.swift; path = HomeViewController.swift; sourceTree = "<group>"; };
		51BF3906271B6DCA00E9E2AD /* Assets.xcassets */ = {isa = PBXFileReference; lastKnownFileType = folder.assetcatalog; path = Assets.xcassets; sourceTree = "<group>"; };
		51BF3909271B6DCA00E9E2AD /* Base */ = {isa = PBXFileReference; lastKnownFileType = file.storyboard; name = Base; path = Base.lproj/LaunchScreen.storyboard; sourceTree = "<group>"; };
		51BF390B271B6DCA00E9E2AD /* Info.plist */ = {isa = PBXFileReference; lastKnownFileType = text.plist.xml; path = Info.plist; sourceTree = "<group>"; };
		51BF3917271B6FCA00E9E2AD /* TabBarViewController.swift */ = {isa = PBXFileReference; lastKnownFileType = sourcecode.swift; path = TabBarViewController.swift; sourceTree = "<group>"; };
		51BF3919271B6FEC00E9E2AD /* SearchViewController.swift */ = {isa = PBXFileReference; lastKnownFileType = sourcecode.swift; path = SearchViewController.swift; sourceTree = "<group>"; };
		51BF391B271B6FFA00E9E2AD /* LibraryViewController.swift */ = {isa = PBXFileReference; lastKnownFileType = sourcecode.swift; path = LibraryViewController.swift; sourceTree = "<group>"; };
		51BF391F271B701F00E9E2AD /* AuthViewController.swift */ = {isa = PBXFileReference; lastKnownFileType = sourcecode.swift; path = AuthViewController.swift; sourceTree = "<group>"; };
		51BF3921271B702800E9E2AD /* WelcomeViewController.swift */ = {isa = PBXFileReference; lastKnownFileType = sourcecode.swift; path = WelcomeViewController.swift; sourceTree = "<group>"; };
		51BF3923271B703900E9E2AD /* SettingsViewController.swift */ = {isa = PBXFileReference; lastKnownFileType = sourcecode.swift; path = SettingsViewController.swift; sourceTree = "<group>"; };
		51BF3925271B704500E9E2AD /* ProfileViewController.swift */ = {isa = PBXFileReference; lastKnownFileType = sourcecode.swift; path = ProfileViewController.swift; sourceTree = "<group>"; };
		51BF3927271B704F00E9E2AD /* PlayerViewController.swift */ = {isa = PBXFileReference; lastKnownFileType = sourcecode.swift; path = PlayerViewController.swift; sourceTree = "<group>"; };
		51BF3929271B705D00E9E2AD /* PlaylistViewController.swift */ = {isa = PBXFileReference; lastKnownFileType = sourcecode.swift; path = PlaylistViewController.swift; sourceTree = "<group>"; };
		51BF392B271B707300E9E2AD /* SearchResultsViewController.swift */ = {isa = PBXFileReference; lastKnownFileType = sourcecode.swift; path = SearchResultsViewController.swift; sourceTree = "<group>"; };
		51BF392D271B70A500E9E2AD /* AuthManager.swift */ = {isa = PBXFileReference; lastKnownFileType = sourcecode.swift; path = AuthManager.swift; sourceTree = "<group>"; };
		51BF392F271B70B100E9E2AD /* APICaller.swift */ = {isa = PBXFileReference; lastKnownFileType = sourcecode.swift; path = APICaller.swift; sourceTree = "<group>"; };
		51BF3931271B70BC00E9E2AD /* HapticsManager.swift */ = {isa = PBXFileReference; lastKnownFileType = sourcecode.swift; path = HapticsManager.swift; sourceTree = "<group>"; };
		51BF3933271B70EE00E9E2AD /* Playlist.swift */ = {isa = PBXFileReference; lastKnownFileType = sourcecode.swift; path = Playlist.swift; sourceTree = "<group>"; };
		51BF3935271B70F900E9E2AD /* AudioTrack.swift */ = {isa = PBXFileReference; lastKnownFileType = sourcecode.swift; path = AudioTrack.swift; sourceTree = "<group>"; };
		51BF3937271B710200E9E2AD /* Artist.swift */ = {isa = PBXFileReference; lastKnownFileType = sourcecode.swift; path = Artist.swift; sourceTree = "<group>"; };
		51BF3939271B710D00E9E2AD /* UserProfile.swift */ = {isa = PBXFileReference; lastKnownFileType = sourcecode.swift; path = UserProfile.swift; sourceTree = "<group>"; };
		51BF393B271CB3D100E9E2AD /* Extensions.swift */ = {isa = PBXFileReference; lastKnownFileType = sourcecode.swift; path = Extensions.swift; sourceTree = "<group>"; };
		51BF393D271E0EFE00E9E2AD /* AuthResponse.swift */ = {isa = PBXFileReference; lastKnownFileType = sourcecode.swift; path = AuthResponse.swift; sourceTree = "<group>"; };
		51D2E911272208B80002197E /* SettingsModels.swift */ = {isa = PBXFileReference; lastKnownFileType = sourcecode.swift; path = SettingsModels.swift; sourceTree = "<group>"; };
		51D2E91327240D330002197E /* NewReleasesResponse.swift */ = {isa = PBXFileReference; lastKnownFileType = sourcecode.swift; path = NewReleasesResponse.swift; sourceTree = "<group>"; };
		51D2E91527240E180002197E /* APIImage.swift */ = {isa = PBXFileReference; lastKnownFileType = sourcecode.swift; path = APIImage.swift; sourceTree = "<group>"; };
		51D2E917272410EA0002197E /* FeaturedPlaylistsResponse.swift */ = {isa = PBXFileReference; lastKnownFileType = sourcecode.swift; path = FeaturedPlaylistsResponse.swift; sourceTree = "<group>"; };
		51D2E919272414F70002197E /* RecommendedGenresResponse.swift */ = {isa = PBXFileReference; lastKnownFileType = sourcecode.swift; path = RecommendedGenresResponse.swift; sourceTree = "<group>"; };
		51D2E91B2724A3200002197E /* RecommendationsResponse.swift */ = {isa = PBXFileReference; lastKnownFileType = sourcecode.swift; path = RecommendationsResponse.swift; sourceTree = "<group>"; };
		B7411A71C2AEF933E2B05EA0 /* Pods-thatSpotify.release.xcconfig */ = {isa = PBXFileReference; includeInIndex = 1; lastKnownFileType = text.xcconfig; name = "Pods-thatSpotify.release.xcconfig"; path = "Target Support Files/Pods-thatSpotify/Pods-thatSpotify.release.xcconfig"; sourceTree = "<group>"; };
		FEFC7E3695571C16EE96CE87 /* Pods_thatSpotify.framework */ = {isa = PBXFileReference; explicitFileType = wrapper.framework; includeInIndex = 0; path = Pods_thatSpotify.framework; sourceTree = BUILT_PRODUCTS_DIR; };
/* End PBXFileReference section */

/* Begin PBXFrameworksBuildPhase section */
		51BF38F7271B6DC800E9E2AD /* Frameworks */ = {
			isa = PBXFrameworksBuildPhase;
			buildActionMask = 2147483647;
			files = (
				1AFF3B9085250BE1239D0079 /* Pods_thatSpotify.framework in Frameworks */,
			);
			runOnlyForDeploymentPostprocessing = 0;
		};
/* End PBXFrameworksBuildPhase section */

/* Begin PBXGroup section */
		51081345272BD18B0062560A /* Browse */ = {
			isa = PBXGroup;
			children = (
				51081346272BD1C80062560A /* NewReleaseCollectionViewCell.swift */,
				51081348272BD1F00062560A /* FeaturedPlaylistCollectionViewCell.swift */,
				5108134A272BD2170062560A /* RecommendedTrackCollectionViewCell.swift */,
			);
			path = Browse;
			sourceTree = "<group>";
		};
		51BF38F1271B6DC800E9E2AD = {
			isa = PBXGroup;
			children = (
				51BF38FC271B6DC800E9E2AD /* thatSpotify */,
				51BF38FB271B6DC800E9E2AD /* Products */,
				6976336864684480BA960921 /* Pods */,
				BB76C5EBCBEFEAF30246BAD4 /* Frameworks */,
			);
			sourceTree = "<group>";
		};
		51BF38FB271B6DC800E9E2AD /* Products */ = {
			isa = PBXGroup;
			children = (
				51BF38FA271B6DC800E9E2AD /* thatSpotify.app */,
			);
			name = Products;
			sourceTree = "<group>";
		};
		51BF38FC271B6DC800E9E2AD /* thatSpotify */ = {
			isa = PBXGroup;
			children = (
				51BF3916271B6E2B00E9E2AD /* Resources */,
				51BF3915271B6E2300E9E2AD /* Managers */,
				51BF3914271B6E1300E9E2AD /* ViewModels */,
				51BF3913271B6E0200E9E2AD /* Models */,
				51BF3912271B6DFA00E9E2AD /* Views */,
				51BF3911271B6DF100E9E2AD /* Controllers */,
				51BF390B271B6DCA00E9E2AD /* Info.plist */,
			);
			path = thatSpotify;
			sourceTree = "<group>";
		};
		51BF3911271B6DF100E9E2AD /* Controllers */ = {
			isa = PBXGroup;
			children = (
				51BF391E271B700D00E9E2AD /* Other */,
				51BF391D271B700300E9E2AD /* Core */,
			);
			path = Controllers;
			sourceTree = "<group>";
		};
		51BF3912271B6DFA00E9E2AD /* Views */ = {
			isa = PBXGroup;
			children = (
				51081345272BD18B0062560A /* Browse */,
				51BF3908271B6DCA00E9E2AD /* LaunchScreen.storyboard */,
			);
			path = Views;
			sourceTree = "<group>";
		};
		51BF3913271B6E0200E9E2AD /* Models */ = {
			isa = PBXGroup;
			children = (
				51BF3933271B70EE00E9E2AD /* Playlist.swift */,
				51BF3935271B70F900E9E2AD /* AudioTrack.swift */,
				51BF3937271B710200E9E2AD /* Artist.swift */,
				51BF3939271B710D00E9E2AD /* UserProfile.swift */,
				51BF393D271E0EFE00E9E2AD /* AuthResponse.swift */,
				51D2E911272208B80002197E /* SettingsModels.swift */,
				51D2E91327240D330002197E /* NewReleasesResponse.swift */,
				51D2E91527240E180002197E /* APIImage.swift */,
				51D2E917272410EA0002197E /* FeaturedPlaylistsResponse.swift */,
				51D2E919272414F70002197E /* RecommendedGenresResponse.swift */,
				51D2E91B2724A3200002197E /* RecommendationsResponse.swift */,
				51081354272EA43E0062560A /* AlbumDetailsResponse.swift */,
				51081356272EB4740062560A /* PlaylistDetailsResponse.swift */,
			);
			path = Models;
			sourceTree = "<group>";
		};
		51BF3914271B6E1300E9E2AD /* ViewModels */ = {
			isa = PBXGroup;
			children = (
				5108134C272DA41E0062560A /* NewReleasesCellViewModel.swift */,
				5108134E272DD9430062560A /* FeaturedPlaylistCellViewModel.swift */,
				51081350272DD97E0062560A /* RecommendedTrackCellViewModel.swift */,
			);
			path = ViewModels;
			sourceTree = "<group>";
		};
		51BF3915271B6E2300E9E2AD /* Managers */ = {
			isa = PBXGroup;
			children = (
				51BF392D271B70A500E9E2AD /* AuthManager.swift */,
				51BF392F271B70B100E9E2AD /* APICaller.swift */,
				51BF3931271B70BC00E9E2AD /* HapticsManager.swift */,
			);
			path = Managers;
			sourceTree = "<group>";
		};
		51BF3916271B6E2B00E9E2AD /* Resources */ = {
			isa = PBXGroup;
			children = (
				51BF3906271B6DCA00E9E2AD /* Assets.xcassets */,
				51BF38FD271B6DC800E9E2AD /* AppDelegate.swift */,
				51BF38FF271B6DC800E9E2AD /* SceneDelegate.swift */,
				51BF393B271CB3D100E9E2AD /* Extensions.swift */,
			);
			path = Resources;
			sourceTree = "<group>";
		};
		51BF391D271B700300E9E2AD /* Core */ = {
			isa = PBXGroup;
			children = (
				51BF3917271B6FCA00E9E2AD /* TabBarViewController.swift */,
				51BF3901271B6DC800E9E2AD /* HomeViewController.swift */,
				51BF3919271B6FEC00E9E2AD /* SearchViewController.swift */,
				51BF391B271B6FFA00E9E2AD /* LibraryViewController.swift */,
			);
			path = Core;
			sourceTree = "<group>";
		};
		51BF391E271B700D00E9E2AD /* Other */ = {
			isa = PBXGroup;
			children = (
				51BF391F271B701F00E9E2AD /* AuthViewController.swift */,
				51BF3921271B702800E9E2AD /* WelcomeViewController.swift */,
				51BF3923271B703900E9E2AD /* SettingsViewController.swift */,
				51BF3925271B704500E9E2AD /* ProfileViewController.swift */,
				51BF3927271B704F00E9E2AD /* PlayerViewController.swift */,
				51BF3929271B705D00E9E2AD /* PlaylistViewController.swift */,
				51BF392B271B707300E9E2AD /* SearchResultsViewController.swift */,
				51081352272E9B710062560A /* AlbumViewController.swift */,
			);
			path = Other;
			sourceTree = "<group>";
		};
		6976336864684480BA960921 /* Pods */ = {
			isa = PBXGroup;
			children = (
				354639DCDEFD833ED95F716E /* Pods-thatSpotify.debug.xcconfig */,
				B7411A71C2AEF933E2B05EA0 /* Pods-thatSpotify.release.xcconfig */,
			);
			path = Pods;
			sourceTree = "<group>";
		};
		BB76C5EBCBEFEAF30246BAD4 /* Frameworks */ = {
			isa = PBXGroup;
			children = (
				FEFC7E3695571C16EE96CE87 /* Pods_thatSpotify.framework */,
			);
			name = Frameworks;
			sourceTree = "<group>";
		};
/* End PBXGroup section */

/* Begin PBXNativeTarget section */
		51BF38F9271B6DC800E9E2AD /* thatSpotify */ = {
			isa = PBXNativeTarget;
			buildConfigurationList = 51BF390E271B6DCA00E9E2AD /* Build configuration list for PBXNativeTarget "thatSpotify" */;
			buildPhases = (
				91CC8FCE4E6B54E3CCBD974E /* [CP] Check Pods Manifest.lock */,
				51BF38F6271B6DC800E9E2AD /* Sources */,
				51BF38F7271B6DC800E9E2AD /* Frameworks */,
				51BF38F8271B6DC800E9E2AD /* Resources */,
				4B705D4593E6A74687D5E7C7 /* [CP] Embed Pods Frameworks */,
			);
			buildRules = (
			);
			dependencies = (
			);
			name = thatSpotify;
			productName = thatSpotify;
			productReference = 51BF38FA271B6DC800E9E2AD /* thatSpotify.app */;
			productType = "com.apple.product-type.application";
		};
/* End PBXNativeTarget section */

/* Begin PBXProject section */
		51BF38F2271B6DC800E9E2AD /* Project object */ = {
			isa = PBXProject;
			attributes = {
				BuildIndependentTargetsInParallel = 1;
				LastSwiftUpdateCheck = 1300;
				LastUpgradeCheck = 1300;
				TargetAttributes = {
					51BF38F9271B6DC800E9E2AD = {
						CreatedOnToolsVersion = 13.0;
					};
				};
			};
			buildConfigurationList = 51BF38F5271B6DC800E9E2AD /* Build configuration list for PBXProject "thatSpotify" */;
			compatibilityVersion = "Xcode 13.0";
			developmentRegion = en;
			hasScannedForEncodings = 0;
			knownRegions = (
				en,
				Base,
			);
			mainGroup = 51BF38F1271B6DC800E9E2AD;
			productRefGroup = 51BF38FB271B6DC800E9E2AD /* Products */;
			projectDirPath = "";
			projectRoot = "";
			targets = (
				51BF38F9271B6DC800E9E2AD /* thatSpotify */,
			);
		};
/* End PBXProject section */

/* Begin PBXResourcesBuildPhase section */
		51BF38F8271B6DC800E9E2AD /* Resources */ = {
			isa = PBXResourcesBuildPhase;
			buildActionMask = 2147483647;
			files = (
				51BF390A271B6DCA00E9E2AD /* LaunchScreen.storyboard in Resources */,
				51BF3907271B6DCA00E9E2AD /* Assets.xcassets in Resources */,
			);
			runOnlyForDeploymentPostprocessing = 0;
		};
/* End PBXResourcesBuildPhase section */

/* Begin PBXShellScriptBuildPhase section */
		4B705D4593E6A74687D5E7C7 /* [CP] Embed Pods Frameworks */ = {
			isa = PBXShellScriptBuildPhase;
			buildActionMask = 2147483647;
			files = (
			);
			inputFileListPaths = (
				"${PODS_ROOT}/Target Support Files/Pods-thatSpotify/Pods-thatSpotify-frameworks-${CONFIGURATION}-input-files.xcfilelist",
			);
			name = "[CP] Embed Pods Frameworks";
			outputFileListPaths = (
				"${PODS_ROOT}/Target Support Files/Pods-thatSpotify/Pods-thatSpotify-frameworks-${CONFIGURATION}-output-files.xcfilelist",
			);
			runOnlyForDeploymentPostprocessing = 0;
			shellPath = /bin/sh;
			shellScript = "\"${PODS_ROOT}/Target Support Files/Pods-thatSpotify/Pods-thatSpotify-frameworks.sh\"\n";
			showEnvVarsInLog = 0;
		};
		91CC8FCE4E6B54E3CCBD974E /* [CP] Check Pods Manifest.lock */ = {
			isa = PBXShellScriptBuildPhase;
			buildActionMask = 2147483647;
			files = (
			);
			inputFileListPaths = (
			);
			inputPaths = (
				"${PODS_PODFILE_DIR_PATH}/Podfile.lock",
				"${PODS_ROOT}/Manifest.lock",
			);
			name = "[CP] Check Pods Manifest.lock";
			outputFileListPaths = (
			);
			outputPaths = (
				"$(DERIVED_FILE_DIR)/Pods-thatSpotify-checkManifestLockResult.txt",
			);
			runOnlyForDeploymentPostprocessing = 0;
			shellPath = /bin/sh;
			shellScript = "diff \"${PODS_PODFILE_DIR_PATH}/Podfile.lock\" \"${PODS_ROOT}/Manifest.lock\" > /dev/null\nif [ $? != 0 ] ; then\n    # print error to STDERR\n    echo \"error: The sandbox is not in sync with the Podfile.lock. Run 'pod install' or update your CocoaPods installation.\" >&2\n    exit 1\nfi\n# This output is used by Xcode 'outputs' to avoid re-running this script phase.\necho \"SUCCESS\" > \"${SCRIPT_OUTPUT_FILE_0}\"\n";
			showEnvVarsInLog = 0;
		};
/* End PBXShellScriptBuildPhase section */

/* Begin PBXSourcesBuildPhase section */
		51BF38F6271B6DC800E9E2AD /* Sources */ = {
			isa = PBXSourcesBuildPhase;
			buildActionMask = 2147483647;
			files = (
				51BF391A271B6FEC00E9E2AD /* SearchViewController.swift in Sources */,
				51081357272EB4740062560A /* PlaylistDetailsResponse.swift in Sources */,
				51BF3934271B70EE00E9E2AD /* Playlist.swift in Sources */,
				51BF392E271B70A500E9E2AD /* AuthManager.swift in Sources */,
				5108134D272DA41E0062560A /* NewReleasesCellViewModel.swift in Sources */,
				51081351272DD97E0062560A /* RecommendedTrackCellViewModel.swift in Sources */,
				51BF392C271B707300E9E2AD /* SearchResultsViewController.swift in Sources */,
				5108134F272DD9430062560A /* FeaturedPlaylistCellViewModel.swift in Sources */,
				51BF3922271B702800E9E2AD /* WelcomeViewController.swift in Sources */,
				51BF3926271B704500E9E2AD /* ProfileViewController.swift in Sources */,
				51BF3918271B6FCA00E9E2AD /* TabBarViewController.swift in Sources */,
				51BF3932271B70BC00E9E2AD /* HapticsManager.swift in Sources */,
				5108134B272BD2170062560A /* RecommendedTrackCollectionViewCell.swift in Sources */,
				51BF393E271E0EFE00E9E2AD /* AuthResponse.swift in Sources */,
				51D2E91427240D330002197E /* NewReleasesResponse.swift in Sources */,
				51D2E91627240E180002197E /* APIImage.swift in Sources */,
				51D2E91C2724A3200002197E /* RecommendationsResponse.swift in Sources */,
				51BF3936271B70F900E9E2AD /* AudioTrack.swift in Sources */,
				51BF3902271B6DC800E9E2AD /* HomeViewController.swift in Sources */,
				51081347272BD1C80062560A /* NewReleaseCollectionViewCell.swift in Sources */,
				51BF3920271B701F00E9E2AD /* AuthViewController.swift in Sources */,
				51081349272BD1F00062560A /* FeaturedPlaylistCollectionViewCell.swift in Sources */,
				51BF38FE271B6DC800E9E2AD /* AppDelegate.swift in Sources */,
				51BF393A271B710D00E9E2AD /* UserProfile.swift in Sources */,
				51BF393C271CB3D100E9E2AD /* Extensions.swift in Sources */,
				51BF391C271B6FFA00E9E2AD /* LibraryViewController.swift in Sources */,
				51081353272E9B710062560A /* AlbumViewController.swift in Sources */,
				51BF3938271B710200E9E2AD /* Artist.swift in Sources */,
				51D2E912272208B80002197E /* SettingsModels.swift in Sources */,
				51BF392A271B705D00E9E2AD /* PlaylistViewController.swift in Sources */,
				51BF3900271B6DC800E9E2AD /* SceneDelegate.swift in Sources */,
				51BF3928271B704F00E9E2AD /* PlayerViewController.swift in Sources */,
				51081355272EA43E0062560A /* AlbumDetailsResponse.swift in Sources */,
				51BF3930271B70B100E9E2AD /* APICaller.swift in Sources */,
				51D2E918272410EA0002197E /* FeaturedPlaylistsResponse.swift in Sources */,
				51BF3924271B703900E9E2AD /* SettingsViewController.swift in Sources */,
				51D2E91A272414F70002197E /* RecommendedGenresResponse.swift in Sources */,
			);
			runOnlyForDeploymentPostprocessing = 0;
		};
/* End PBXSourcesBuildPhase section */

/* Begin PBXVariantGroup section */
		51BF3908271B6DCA00E9E2AD /* LaunchScreen.storyboard */ = {
			isa = PBXVariantGroup;
			children = (
				51BF3909271B6DCA00E9E2AD /* Base */,
			);
			name = LaunchScreen.storyboard;
			sourceTree = "<group>";
		};
/* End PBXVariantGroup section */

/* Begin XCBuildConfiguration section */
		51BF390C271B6DCA00E9E2AD /* Debug */ = {
			isa = XCBuildConfiguration;
			buildSettings = {
				ALWAYS_SEARCH_USER_PATHS = NO;
				CLANG_ANALYZER_NONNULL = YES;
				CLANG_ANALYZER_NUMBER_OBJECT_CONVERSION = YES_AGGRESSIVE;
				CLANG_CXX_LANGUAGE_STANDARD = "gnu++17";
				CLANG_CXX_LIBRARY = "libc++";
				CLANG_ENABLE_MODULES = YES;
				CLANG_ENABLE_OBJC_ARC = YES;
				CLANG_ENABLE_OBJC_WEAK = YES;
				CLANG_WARN_BLOCK_CAPTURE_AUTORELEASING = YES;
				CLANG_WARN_BOOL_CONVERSION = YES;
				CLANG_WARN_COMMA = YES;
				CLANG_WARN_CONSTANT_CONVERSION = YES;
				CLANG_WARN_DEPRECATED_OBJC_IMPLEMENTATIONS = YES;
				CLANG_WARN_DIRECT_OBJC_ISA_USAGE = YES_ERROR;
				CLANG_WARN_DOCUMENTATION_COMMENTS = YES;
				CLANG_WARN_EMPTY_BODY = YES;
				CLANG_WARN_ENUM_CONVERSION = YES;
				CLANG_WARN_INFINITE_RECURSION = YES;
				CLANG_WARN_INT_CONVERSION = YES;
				CLANG_WARN_NON_LITERAL_NULL_CONVERSION = YES;
				CLANG_WARN_OBJC_IMPLICIT_RETAIN_SELF = YES;
				CLANG_WARN_OBJC_LITERAL_CONVERSION = YES;
				CLANG_WARN_OBJC_ROOT_CLASS = YES_ERROR;
				CLANG_WARN_QUOTED_INCLUDE_IN_FRAMEWORK_HEADER = YES;
				CLANG_WARN_RANGE_LOOP_ANALYSIS = YES;
				CLANG_WARN_STRICT_PROTOTYPES = YES;
				CLANG_WARN_SUSPICIOUS_MOVE = YES;
				CLANG_WARN_UNGUARDED_AVAILABILITY = YES_AGGRESSIVE;
				CLANG_WARN_UNREACHABLE_CODE = YES;
				CLANG_WARN__DUPLICATE_METHOD_MATCH = YES;
				COPY_PHASE_STRIP = NO;
				DEBUG_INFORMATION_FORMAT = dwarf;
				ENABLE_STRICT_OBJC_MSGSEND = YES;
				ENABLE_TESTABILITY = YES;
				GCC_C_LANGUAGE_STANDARD = gnu11;
				GCC_DYNAMIC_NO_PIC = NO;
				GCC_NO_COMMON_BLOCKS = YES;
				GCC_OPTIMIZATION_LEVEL = 0;
				GCC_PREPROCESSOR_DEFINITIONS = (
					"DEBUG=1",
					"$(inherited)",
				);
				GCC_WARN_64_TO_32_BIT_CONVERSION = YES;
				GCC_WARN_ABOUT_RETURN_TYPE = YES_ERROR;
				GCC_WARN_UNDECLARED_SELECTOR = YES;
				GCC_WARN_UNINITIALIZED_AUTOS = YES_AGGRESSIVE;
				GCC_WARN_UNUSED_FUNCTION = YES;
				GCC_WARN_UNUSED_VARIABLE = YES;
				IPHONEOS_DEPLOYMENT_TARGET = 15.0;
				MTL_ENABLE_DEBUG_INFO = INCLUDE_SOURCE;
				MTL_FAST_MATH = YES;
				ONLY_ACTIVE_ARCH = YES;
				SDKROOT = iphoneos;
				SWIFT_ACTIVE_COMPILATION_CONDITIONS = DEBUG;
				SWIFT_OPTIMIZATION_LEVEL = "-Onone";
			};
			name = Debug;
		};
		51BF390D271B6DCA00E9E2AD /* Release */ = {
			isa = XCBuildConfiguration;
			buildSettings = {
				ALWAYS_SEARCH_USER_PATHS = NO;
				CLANG_ANALYZER_NONNULL = YES;
				CLANG_ANALYZER_NUMBER_OBJECT_CONVERSION = YES_AGGRESSIVE;
				CLANG_CXX_LANGUAGE_STANDARD = "gnu++17";
				CLANG_CXX_LIBRARY = "libc++";
				CLANG_ENABLE_MODULES = YES;
				CLANG_ENABLE_OBJC_ARC = YES;
				CLANG_ENABLE_OBJC_WEAK = YES;
				CLANG_WARN_BLOCK_CAPTURE_AUTORELEASING = YES;
				CLANG_WARN_BOOL_CONVERSION = YES;
				CLANG_WARN_COMMA = YES;
				CLANG_WARN_CONSTANT_CONVERSION = YES;
				CLANG_WARN_DEPRECATED_OBJC_IMPLEMENTATIONS = YES;
				CLANG_WARN_DIRECT_OBJC_ISA_USAGE = YES_ERROR;
				CLANG_WARN_DOCUMENTATION_COMMENTS = YES;
				CLANG_WARN_EMPTY_BODY = YES;
				CLANG_WARN_ENUM_CONVERSION = YES;
				CLANG_WARN_INFINITE_RECURSION = YES;
				CLANG_WARN_INT_CONVERSION = YES;
				CLANG_WARN_NON_LITERAL_NULL_CONVERSION = YES;
				CLANG_WARN_OBJC_IMPLICIT_RETAIN_SELF = YES;
				CLANG_WARN_OBJC_LITERAL_CONVERSION = YES;
				CLANG_WARN_OBJC_ROOT_CLASS = YES_ERROR;
				CLANG_WARN_QUOTED_INCLUDE_IN_FRAMEWORK_HEADER = YES;
				CLANG_WARN_RANGE_LOOP_ANALYSIS = YES;
				CLANG_WARN_STRICT_PROTOTYPES = YES;
				CLANG_WARN_SUSPICIOUS_MOVE = YES;
				CLANG_WARN_UNGUARDED_AVAILABILITY = YES_AGGRESSIVE;
				CLANG_WARN_UNREACHABLE_CODE = YES;
				CLANG_WARN__DUPLICATE_METHOD_MATCH = YES;
				COPY_PHASE_STRIP = NO;
				DEBUG_INFORMATION_FORMAT = "dwarf-with-dsym";
				ENABLE_NS_ASSERTIONS = NO;
				ENABLE_STRICT_OBJC_MSGSEND = YES;
				GCC_C_LANGUAGE_STANDARD = gnu11;
				GCC_NO_COMMON_BLOCKS = YES;
				GCC_WARN_64_TO_32_BIT_CONVERSION = YES;
				GCC_WARN_ABOUT_RETURN_TYPE = YES_ERROR;
				GCC_WARN_UNDECLARED_SELECTOR = YES;
				GCC_WARN_UNINITIALIZED_AUTOS = YES_AGGRESSIVE;
				GCC_WARN_UNUSED_FUNCTION = YES;
				GCC_WARN_UNUSED_VARIABLE = YES;
				IPHONEOS_DEPLOYMENT_TARGET = 15.0;
				MTL_ENABLE_DEBUG_INFO = NO;
				MTL_FAST_MATH = YES;
				SDKROOT = iphoneos;
				SWIFT_COMPILATION_MODE = wholemodule;
				SWIFT_OPTIMIZATION_LEVEL = "-O";
				VALIDATE_PRODUCT = YES;
			};
			name = Release;
		};
		51BF390F271B6DCA00E9E2AD /* Debug */ = {
			isa = XCBuildConfiguration;
			baseConfigurationReference = 354639DCDEFD833ED95F716E /* Pods-thatSpotify.debug.xcconfig */;
			buildSettings = {
				ASSETCATALOG_COMPILER_APPICON_NAME = AppIcon;
				ASSETCATALOG_COMPILER_GLOBAL_ACCENT_COLOR_NAME = AccentColor;
				CODE_SIGN_STYLE = Automatic;
				CURRENT_PROJECT_VERSION = 1;
				DEVELOPMENT_TEAM = LDXCCD7PQ8;
				GENERATE_INFOPLIST_FILE = YES;
				INFOPLIST_FILE = thatSpotify/Info.plist;
				INFOPLIST_KEY_UIApplicationSupportsIndirectInputEvents = YES;
				INFOPLIST_KEY_UILaunchStoryboardName = LaunchScreen;
				INFOPLIST_KEY_UISupportedInterfaceOrientations_iPad = "UIInterfaceOrientationPortrait UIInterfaceOrientationPortraitUpsideDown UIInterfaceOrientationLandscapeLeft UIInterfaceOrientationLandscapeRight";
				INFOPLIST_KEY_UISupportedInterfaceOrientations_iPhone = "UIInterfaceOrientationPortrait UIInterfaceOrientationLandscapeLeft UIInterfaceOrientationLandscapeRight";
				LD_RUNPATH_SEARCH_PATHS = (
					"$(inherited)",
					"@executable_path/Frameworks",
				);
				MARKETING_VERSION = 1.0;
				PRODUCT_BUNDLE_IDENTIFIER = com.paulosilva.thatSpotify;
				PRODUCT_NAME = "$(TARGET_NAME)";
				SWIFT_EMIT_LOC_STRINGS = YES;
				SWIFT_VERSION = 5.0;
				TARGETED_DEVICE_FAMILY = "1,2";
			};
			name = Debug;
		};
		51BF3910271B6DCA00E9E2AD /* Release */ = {
			isa = XCBuildConfiguration;
			baseConfigurationReference = B7411A71C2AEF933E2B05EA0 /* Pods-thatSpotify.release.xcconfig */;
			buildSettings = {
				ASSETCATALOG_COMPILER_APPICON_NAME = AppIcon;
				ASSETCATALOG_COMPILER_GLOBAL_ACCENT_COLOR_NAME = AccentColor;
				CODE_SIGN_STYLE = Automatic;
				CURRENT_PROJECT_VERSION = 1;
				DEVELOPMENT_TEAM = LDXCCD7PQ8;
				GENERATE_INFOPLIST_FILE = YES;
				INFOPLIST_FILE = thatSpotify/Info.plist;
				INFOPLIST_KEY_UIApplicationSupportsIndirectInputEvents = YES;
				INFOPLIST_KEY_UILaunchStoryboardName = LaunchScreen;
				INFOPLIST_KEY_UISupportedInterfaceOrientations_iPad = "UIInterfaceOrientationPortrait UIInterfaceOrientationPortraitUpsideDown UIInterfaceOrientationLandscapeLeft UIInterfaceOrientationLandscapeRight";
				INFOPLIST_KEY_UISupportedInterfaceOrientations_iPhone = "UIInterfaceOrientationPortrait UIInterfaceOrientationLandscapeLeft UIInterfaceOrientationLandscapeRight";
				LD_RUNPATH_SEARCH_PATHS = (
					"$(inherited)",
					"@executable_path/Frameworks",
				);
				MARKETING_VERSION = 1.0;
				PRODUCT_BUNDLE_IDENTIFIER = com.paulosilva.thatSpotify;
				PRODUCT_NAME = "$(TARGET_NAME)";
				SWIFT_EMIT_LOC_STRINGS = YES;
				SWIFT_VERSION = 5.0;
				TARGETED_DEVICE_FAMILY = "1,2";
			};
			name = Release;
		};
/* End XCBuildConfiguration section */

/* Begin XCConfigurationList section */
		51BF38F5271B6DC800E9E2AD /* Build configuration list for PBXProject "thatSpotify" */ = {
			isa = XCConfigurationList;
			buildConfigurations = (
				51BF390C271B6DCA00E9E2AD /* Debug */,
				51BF390D271B6DCA00E9E2AD /* Release */,
			);
			defaultConfigurationIsVisible = 0;
			defaultConfigurationName = Release;
		};
		51BF390E271B6DCA00E9E2AD /* Build configuration list for PBXNativeTarget "thatSpotify" */ = {
			isa = XCConfigurationList;
			buildConfigurations = (
				51BF390F271B6DCA00E9E2AD /* Debug */,
				51BF3910271B6DCA00E9E2AD /* Release */,
			);
			defaultConfigurationIsVisible = 0;
			defaultConfigurationName = Release;
		};
/* End XCConfigurationList section */
	};
	rootObject = 51BF38F2271B6DC800E9E2AD /* Project object */;
}
